PODS:
  - Device (3.7.0)
  - RazzleDazzle (0.3.0)
  - RxCocoa (6.8.0):
    - RxRelay (= 6.8.0)
    - RxSwift (= 6.8.0)
  - RxRelay (6.8.0):
    - RxSwift (= 6.8.0)
  - RxSwift (6.8.0)

DEPENDENCIES:
  - Device
  - RazzleDazzle (from `https://github.com/wangzhizhou/RazzleDazzle.git`, branch `master`)
  - RxCocoa
  - RxSwift

SPEC REPOS:
  trunk:
    - Device
    - RxCocoa
    - RxRelay
    - RxSwift

EXTERNAL SOURCES:
  RazzleDazzle:
    :branch: master
    :git: https://github.com/wangzhizhou/RazzleDazzle.git

CHECKOUT OPTIONS:
  RazzleDazzle:
    :commit: 71ff4c4ec16fc6e6897ecf7fda763bb24273ed16
    :git: https://github.com/wangzhizhou/RazzleDazzle.git

SPEC CHECKSUMS:
  Device: acf18785fd7359aca095040e9c4745caf33b9cf1
  RazzleDazzle: 62dfe268473c14a9b38138f5b2003a2c8e729180
  RxCocoa: 2d33c1e1e5d66492052ad46b11024ae287572880
  RxRelay: 335c78b926a2aea8d863a6d25f1ed3b5ad8e8705
  RxSwift: 4e28be97cbcfeee614af26d83415febbf2bf6f45

PODFILE CHECKSUM: 7916c0829a88828f9dc964cbf20a4a9cb2a17cd2

COCOAPODS: 1.15.2
